
Microsoft Visual Studio Solution File, Format Version 12.00
# Visual Studio 15
VisualStudioVersion = 15.0.28307.106
MinimumVisualStudioVersion = 10.0.40219.1
Project("{FAE04EC0-301F-11D3-BF4B-00C04F79EFBC}") = "CoreWebApplication1", "CoreWebApplication\CoreWebApplication1.csproj", "{AFC1D181-53EB-4D50-A70F-1C6132CC1FBF}"
EndProject
Global
	GlobalSection(SolutionConfigurationPlatforms) = preSolution
		Debug|Any CPU = Debug|Any CPU
		Release|Any CPU = Release|Any CPU
	EndGlobalSection
	GlobalSection(ProjectConfigurationPlatforms) = postSolution
		{AFC1D181-53EB-4D50-A70F-1C6132CC1FBF}.Debug|Any CPU.ActiveCfg = Debug|Any CPU
		{AFC1D181-53EB-4D50-A70F-1C6132CC1FBF}.Debug|Any CPU.Build.0 = Debug|Any CPU
		{AFC1D181-53EB-4D50-A70F-1C6132CC1FBF}.Release|Any CPU.ActiveCfg = Release|Any CPU
		{AFC1D181-53EB-4D50-A70F-1C6132CC1FBF}.Release|Any CPU.Build.0 = Release|Any CPU
	EndGlobalSection
	GlobalSection(SolutionProperties) = preSolution
		HideSolutionNode = FALSE
	EndGlobalSection
	GlobalSection(ExtensibilityGlobals) = postSolution
		SolutionGuid = {F7511A33-584C-4AC5-8CA7-B10012293E34}
	EndGlobalSection
EndGlobal
